
Microsoft Visual Studio Solution File, Format Version 12.00
# Visual Studio Version 16
VisualStudioVersion = 16.0.31911.196
MinimumVisualStudioVersion = 10.0.40219.1
Project("{FAE04EC0-301F-11D3-BF4B-00C04F79EFBC}") = "proeyecto13.6", "proeyecto13.6\proeyecto13.6.csproj", "{8B15A866-79EC-43F4-9764-EC05E1AA8DB0}"
EndProject
Global
	GlobalSection(SolutionConfigurationPlatforms) = preSolution
		Debug|Any CPU = Debug|Any CPU
		Release|Any CPU = Release|Any CPU
	EndGlobalSection
	GlobalSection(ProjectConfigurationPlatforms) = postSolution
		{8B15A866-79EC-43F4-9764-EC05E1AA8DB0}.Debug|Any CPU.ActiveCfg = Debug|Any CPU
		{8B15A866-79EC-43F4-9764-EC05E1AA8DB0}.Debug|Any CPU.Build.0 = Debug|Any CPU
		{8B15A866-79EC-43F4-9764-EC05E1AA8DB0}.Release|Any CPU.ActiveCfg = Release|Any CPU
		{8B15A866-79EC-43F4-9764-EC05E1AA8DB0}.Release|Any CPU.Build.0 = Release|Any CPU
	EndGlobalSection
	GlobalSection(SolutionProperties) = preSolution
		HideSolutionNode = FALSE
	EndGlobalSection
	GlobalSection(ExtensibilityGlobals) = postSolution
		SolutionGuid = {0535F668-48E1-4931-9AFD-85FC0644783C}
	EndGlobalSection
EndGlobal
